
Microsoft Visual Studio Solution File, Format Version 12.00
# Visual Studio 15
VisualStudioVersion = 15.0.28307.329
MinimumVisualStudioVersion = 10.0.40219.1
Project("{FAE04EC0-301F-11D3-BF4B-00C04F79EFBC}") = "Colmeia c Mel", "Colmeia c Mel\Colmeia c Mel.csproj", "{239E24C7-F22A-4A7B-81DA-1A56443B170F}"
EndProject
Global
	GlobalSection(SolutionConfigurationPlatforms) = preSolution
		Debug|Any CPU = Debug|Any CPU
		Release|Any CPU = Release|Any CPU
	EndGlobalSection
	GlobalSection(ProjectConfigurationPlatforms) = postSolution
		{239E24C7-F22A-4A7B-81DA-1A56443B170F}.Debug|Any CPU.ActiveCfg = Debug|Any CPU
		{239E24C7-F22A-4A7B-81DA-1A56443B170F}.Debug|Any CPU.Build.0 = Debug|Any CPU
		{239E24C7-F22A-4A7B-81DA-1A56443B170F}.Release|Any CPU.ActiveCfg = Release|Any CPU
		{239E24C7-F22A-4A7B-81DA-1A56443B170F}.Release|Any CPU.Build.0 = Release|Any CPU
	EndGlobalSection
	GlobalSection(SolutionProperties) = preSolution
		HideSolutionNode = FALSE
	EndGlobalSection
	GlobalSection(ExtensibilityGlobals) = postSolution
		SolutionGuid = {812CFEA5-F24E-48E3-A018-E87B291077AA}
	EndGlobalSection
EndGlobal
